
Microsoft Visual Studio Solution File, Format Version 12.00
# Visual Studio Version 17
VisualStudioVersion = 17.14.36511.14 d17.14
MinimumVisualStudioVersion = 10.0.40219.1
Project("{FAE04EC0-301F-11D3-BF4B-00C04F79EFBC}") = "FractionReducer", "FractionReducer.csproj", "{143CD1C7-FBE3-43F0-BE8A-01792BB7D02E}"
EndProject
Global
	GlobalSection(SolutionConfigurationPlatforms) = preSolution
		Debug|Any CPU = Debug|Any CPU
		Release|Any CPU = Release|Any CPU
	EndGlobalSection
	GlobalSection(ProjectConfigurationPlatforms) = postSolution
		{143CD1C7-FBE3-43F0-BE8A-01792BB7D02E}.Debug|Any CPU.ActiveCfg = Debug|Any CPU
		{143CD1C7-FBE3-43F0-BE8A-01792BB7D02E}.Debug|Any CPU.Build.0 = Debug|Any CPU
		{143CD1C7-FBE3-43F0-BE8A-01792BB7D02E}.Release|Any CPU.ActiveCfg = Release|Any CPU
		{143CD1C7-FBE3-43F0-BE8A-01792BB7D02E}.Release|Any CPU.Build.0 = Release|Any CPU
	EndGlobalSection
	GlobalSection(SolutionProperties) = preSolution
		HideSolutionNode = FALSE
	EndGlobalSection
	GlobalSection(ExtensibilityGlobals) = postSolution
		SolutionGuid = {6D93F329-3295-4D00-AD46-9570DC880650}
	EndGlobalSection
EndGlobal
