
Microsoft Visual Studio Solution File, Format Version 12.00
# Visual Studio Version 17
VisualStudioVersion = 17.14.36511.14 d17.14
MinimumVisualStudioVersion = 10.0.40219.1
Project("{FAE04EC0-301F-11D3-BF4B-00C04F79EFBC}") = "MinMaxIndices", "MinMaxIndices.csproj", "{8EDCD549-A3FC-44F6-B312-747B80CF4446}"
EndProject
Global
	GlobalSection(SolutionConfigurationPlatforms) = preSolution
		Debug|Any CPU = Debug|Any CPU
		Release|Any CPU = Release|Any CPU
	EndGlobalSection
	GlobalSection(ProjectConfigurationPlatforms) = postSolution
		{8EDCD549-A3FC-44F6-B312-747B80CF4446}.Debug|Any CPU.ActiveCfg = Debug|Any CPU
		{8EDCD549-A3FC-44F6-B312-747B80CF4446}.Debug|Any CPU.Build.0 = Debug|Any CPU
		{8EDCD549-A3FC-44F6-B312-747B80CF4446}.Release|Any CPU.ActiveCfg = Release|Any CPU
		{8EDCD549-A3FC-44F6-B312-747B80CF4446}.Release|Any CPU.Build.0 = Release|Any CPU
	EndGlobalSection
	GlobalSection(SolutionProperties) = preSolution
		HideSolutionNode = FALSE
	EndGlobalSection
	GlobalSection(ExtensibilityGlobals) = postSolution
		SolutionGuid = {8E3E155E-3F05-4EFC-AF75-400CEF528989}
	EndGlobalSection
EndGlobal
