
Microsoft Visual Studio Solution File, Format Version 12.00
# Visual Studio Version 17
VisualStudioVersion = 17.14.36511.14 d17.14
MinimumVisualStudioVersion = 10.0.40219.1
Project("{FAE04EC0-301F-11D3-BF4B-00C04F79EFBC}") = "Data Filtering", "Data Filtering.csproj", "{267A1F6B-5F6E-4954-8022-98F6245BDEF3}"
EndProject
Global
	GlobalSection(SolutionConfigurationPlatforms) = preSolution
		Debug|Any CPU = Debug|Any CPU
		Release|Any CPU = Release|Any CPU
	EndGlobalSection
	GlobalSection(ProjectConfigurationPlatforms) = postSolution
		{267A1F6B-5F6E-4954-8022-98F6245BDEF3}.Debug|Any CPU.ActiveCfg = Debug|Any CPU
		{267A1F6B-5F6E-4954-8022-98F6245BDEF3}.Debug|Any CPU.Build.0 = Debug|Any CPU
		{267A1F6B-5F6E-4954-8022-98F6245BDEF3}.Release|Any CPU.ActiveCfg = Release|Any CPU
		{267A1F6B-5F6E-4954-8022-98F6245BDEF3}.Release|Any CPU.Build.0 = Release|Any CPU
	EndGlobalSection
	GlobalSection(SolutionProperties) = preSolution
		HideSolutionNode = FALSE
	EndGlobalSection
	GlobalSection(ExtensibilityGlobals) = postSolution
		SolutionGuid = {3D7E7A13-6129-4883-9FEE-31883C3119C6}
	EndGlobalSection
EndGlobal
